
Microsoft Visual Studio Solution File, Format Version 11.00
# Visual Studio 2010
# SharpDevelop 5.0
Project("{FAE04EC0-301F-11D3-BF4B-00C04F79EFBC}") = "QVCacheBuilder", "QVCacheBuilder\QVCacheBuilder.csproj", "{3491B570-101F-4BB6-893B-0C529CFFCE49}"
EndProject
Global
	GlobalSection(SolutionConfigurationPlatforms) = preSolution
		Debug|Any CPU = Debug|Any CPU
		Release|Any CPU = Release|Any CPU
	EndGlobalSection
	GlobalSection(ProjectConfigurationPlatforms) = postSolution
		{3491B570-101F-4BB6-893B-0C529CFFCE49}.Debug|Any CPU.ActiveCfg = Debug|Any CPU
		{3491B570-101F-4BB6-893B-0C529CFFCE49}.Debug|Any CPU.Build.0 = Debug|Any CPU
		{3491B570-101F-4BB6-893B-0C529CFFCE49}.Release|Any CPU.ActiveCfg = Release|Any CPU
		{3491B570-101F-4BB6-893B-0C529CFFCE49}.Release|Any CPU.Build.0 = Release|Any CPU
	EndGlobalSection
EndGlobal
